
Microsoft Visual Studio Solution File, Format Version 12.00
# Visual Studio Version 16
VisualStudioVersion = 16.0.30413.136
MinimumVisualStudioVersion = 10.0.40219.1
Project("{9A19103F-16F7-4668-BE54-9A1E7A4F7556}") = "DemosTask", "DemosTask\DemosTask.csproj", "{EE6B1A30-6279-4A2A-8F38-7940AEEEEA00}"
EndProject
Project("{FAE04EC0-301F-11D3-BF4B-00C04F79EFBC}") = "DemoTask.Tests", "DemoTask.Tests\DemoTask.Tests.csproj", "{204C7FEE-7153-4F5B-88FB-5DD2E4B05258}"
EndProject
Global
	GlobalSection(SolutionConfigurationPlatforms) = preSolution
		Debug|Any CPU = Debug|Any CPU
		Release|Any CPU = Release|Any CPU
	EndGlobalSection
	GlobalSection(ProjectConfigurationPlatforms) = postSolution
		{EE6B1A30-6279-4A2A-8F38-7940AEEEEA00}.Debug|Any CPU.ActiveCfg = Debug|Any CPU
		{EE6B1A30-6279-4A2A-8F38-7940AEEEEA00}.Debug|Any CPU.Build.0 = Debug|Any CPU
		{EE6B1A30-6279-4A2A-8F38-7940AEEEEA00}.Release|Any CPU.ActiveCfg = Release|Any CPU
		{EE6B1A30-6279-4A2A-8F38-7940AEEEEA00}.Release|Any CPU.Build.0 = Release|Any CPU
		{204C7FEE-7153-4F5B-88FB-5DD2E4B05258}.Debug|Any CPU.ActiveCfg = Debug|Any CPU
		{204C7FEE-7153-4F5B-88FB-5DD2E4B05258}.Debug|Any CPU.Build.0 = Debug|Any CPU
		{204C7FEE-7153-4F5B-88FB-5DD2E4B05258}.Release|Any CPU.ActiveCfg = Release|Any CPU
		{204C7FEE-7153-4F5B-88FB-5DD2E4B05258}.Release|Any CPU.Build.0 = Release|Any CPU
	EndGlobalSection
	GlobalSection(SolutionProperties) = preSolution
		HideSolutionNode = FALSE
	EndGlobalSection
	GlobalSection(ExtensibilityGlobals) = postSolution
		SolutionGuid = {DF0ECE68-E7BF-4394-92A1-FE2DC0223535}
	EndGlobalSection
EndGlobal
